Microsoft Visual Studio Solution File, Format Version 12.00
# Visual Studio Version 17
VisualStudioVersion = 17.5.2.0
MinimumVisualStudioVersion = 10.0.40219.1
Project("{FAE04EC0-301F-11D3-BF4B-00C04F79EFBC}") = "GenXdev.Coding", "GenXdev.Coding.csproj", "{57D7772D-6DF5-D041-04C0-DF8E0D2AE1E9}"
EndProject
Global
	GlobalSection(SolutionConfigurationPlatforms) = preSolution
		Debug|Any CPU = Debug|Any CPU
		Release|Any CPU = Release|Any CPU
	EndGlobalSection
	GlobalSection(ProjectConfigurationPlatforms) = postSolution
		{57D7772D-6DF5-D041-04C0-DF8E0D2AE1E9}.Debug|Any CPU.ActiveCfg = Debug|Any CPU
		{57D7772D-6DF5-D041-04C0-DF8E0D2AE1E9}.Debug|Any CPU.Build.0 = Debug|Any CPU
		{57D7772D-6DF5-D041-04C0-DF8E0D2AE1E9}.Release|Any CPU.ActiveCfg = Release|Any CPU
		{57D7772D-6DF5-D041-04C0-DF8E0D2AE1E9}.Release|Any CPU.Build.0 = Release|Any CPU
	EndGlobalSection
	GlobalSection(SolutionProperties) = preSolution
		HideSolutionNode = FALSE
	EndGlobalSection
	GlobalSection(ExtensibilityGlobals) = postSolution
		SolutionGuid = {87825538-79AB-48E4-AD4E-A51BC6D9F25F}
	EndGlobalSection
EndGlobal
